
Microsoft Visual Studio Solution File, Format Version 12.00
# Visual Studio Version 16
VisualStudioVersion = 16.0.30803.129
MinimumVisualStudioVersion = 10.0.40219.1
Project("{FAE04EC0-301F-11D3-BF4B-00C04F79EFBC}") = "BlazorWasmGrpcBlog.Server", "BlazorWasmGrpcBlog\Server\BlazorWasmGrpcBlog.Server.csproj", "{C5D2B8D5-F9A8-4846-AE0D-990B1AB398F8}"
EndProject
Project("{FAE04EC0-301F-11D3-BF4B-00C04F79EFBC}") = "BlazorWasmGrpcBlog.Client", "BlazorWasmGrpcBlog\Client\BlazorWasmGrpcBlog.Client.csproj", "{96B68AC9-EC55-46EF-BFC3-BA1ED5F75B10}"
EndProject
Project("{FAE04EC0-301F-11D3-BF4B-00C04F79EFBC}") = "BlazorWasmGrpcBlog.Shared", "BlazorWasmGrpcBlog\Shared\BlazorWasmGrpcBlog.Shared.csproj", "{F6D49056-86C3-4414-A32E-ADF85E1333DC}"
EndProject
Global
	GlobalSection(SolutionConfigurationPlatforms) = preSolution
		Debug|Any CPU = Debug|Any CPU
		Release|Any CPU = Release|Any CPU
	EndGlobalSection
	GlobalSection(ProjectConfigurationPlatforms) = postSolution
		{C5D2B8D5-F9A8-4846-AE0D-990B1AB398F8}.Debug|Any CPU.ActiveCfg = Debug|Any CPU
		{C5D2B8D5-F9A8-4846-AE0D-990B1AB398F8}.Debug|Any CPU.Build.0 = Debug|Any CPU
		{C5D2B8D5-F9A8-4846-AE0D-990B1AB398F8}.Release|Any CPU.ActiveCfg = Release|Any CPU
		{C5D2B8D5-F9A8-4846-AE0D-990B1AB398F8}.Release|Any CPU.Build.0 = Release|Any CPU
		{96B68AC9-EC55-46EF-BFC3-BA1ED5F75B10}.Debug|Any CPU.ActiveCfg = Debug|Any CPU
		{96B68AC9-EC55-46EF-BFC3-BA1ED5F75B10}.Debug|Any CPU.Build.0 = Debug|Any CPU
		{96B68AC9-EC55-46EF-BFC3-BA1ED5F75B10}.Release|Any CPU.ActiveCfg = Release|Any CPU
		{96B68AC9-EC55-46EF-BFC3-BA1ED5F75B10}.Release|Any CPU.Build.0 = Release|Any CPU
		{F6D49056-86C3-4414-A32E-ADF85E1333DC}.Debug|Any CPU.ActiveCfg = Debug|Any CPU
		{F6D49056-86C3-4414-A32E-ADF85E1333DC}.Debug|Any CPU.Build.0 = Debug|Any CPU
		{F6D49056-86C3-4414-A32E-ADF85E1333DC}.Release|Any CPU.ActiveCfg = Release|Any CPU
		{F6D49056-86C3-4414-A32E-ADF85E1333DC}.Release|Any CPU.Build.0 = Release|Any CPU
	EndGlobalSection
	GlobalSection(SolutionProperties) = preSolution
		HideSolutionNode = FALSE
	EndGlobalSection
	GlobalSection(ExtensibilityGlobals) = postSolution
		SolutionGuid = {9871FA68-9D90-40AF-AEAB-7017BF54C5A4}
	EndGlobalSection
EndGlobal
